
Microsoft Visual Studio Solution File, Format Version 12.00
# Visual Studio Version 17
VisualStudioVersion = 17.9.34701.34
MinimumVisualStudioVersion = 10.0.40219.1
Project("{FAE04EC0-301F-11D3-BF4B-00C04F79EFBC}") = "PhotoDescriptionApp", "PhotoDescriptionApp\PhotoDescriptionApp.csproj", "{EC4B368E-D1D0-488A-B5E1-B94716BC09F9}"
EndProject
Global
	GlobalSection(SolutionConfigurationPlatforms) = preSolution
		Debug|Any CPU = Debug|Any CPU
		Release|Any CPU = Release|Any CPU
	EndGlobalSection
	GlobalSection(ProjectConfigurationPlatforms) = postSolution
		{EC4B368E-D1D0-488A-B5E1-B94716BC09F9}.Debug|Any CPU.ActiveCfg = Debug|Any CPU
		{EC4B368E-D1D0-488A-B5E1-B94716BC09F9}.Debug|Any CPU.Build.0 = Debug|Any CPU
		{EC4B368E-D1D0-488A-B5E1-B94716BC09F9}.Release|Any CPU.ActiveCfg = Release|Any CPU
		{EC4B368E-D1D0-488A-B5E1-B94716BC09F9}.Release|Any CPU.Build.0 = Release|Any CPU
	EndGlobalSection
	GlobalSection(SolutionProperties) = preSolution
		HideSolutionNode = FALSE
	EndGlobalSection
	GlobalSection(ExtensibilityGlobals) = postSolution
		SolutionGuid = {E4C5B2DF-0AEE-431B-8471-929A8A2BAB3E}
	EndGlobalSection
EndGlobal
